
Microsoft Visual Studio Solution File, Format Version 12.00
# Visual Studio Version 17
VisualStudioVersion = 17.10.35013.160
MinimumVisualStudioVersion = 10.0.40219.1
Project("{FAE04EC0-301F-11D3-BF4B-00C04F79EFBC}") = "Task4", "Task4\Task4.csproj", "{F341D7E6-5E2D-4A15-BA8B-41AED3A8F3A6}"
EndProject
Global
	GlobalSection(SolutionConfigurationPlatforms) = preSolution
		Debug|Any CPU = Debug|Any CPU
		Release|Any CPU = Release|Any CPU
	EndGlobalSection
	GlobalSection(ProjectConfigurationPlatforms) = postSolution
		{F341D7E6-5E2D-4A15-BA8B-41AED3A8F3A6}.Debug|Any CPU.ActiveCfg = Debug|Any CPU
		{F341D7E6-5E2D-4A15-BA8B-41AED3A8F3A6}.Debug|Any CPU.Build.0 = Debug|Any CPU
		{F341D7E6-5E2D-4A15-BA8B-41AED3A8F3A6}.Release|Any CPU.ActiveCfg = Release|Any CPU
		{F341D7E6-5E2D-4A15-BA8B-41AED3A8F3A6}.Release|Any CPU.Build.0 = Release|Any CPU
	EndGlobalSection
	GlobalSection(SolutionProperties) = preSolution
		HideSolutionNode = FALSE
	EndGlobalSection
	GlobalSection(ExtensibilityGlobals) = postSolution
		SolutionGuid = {EAC15E55-12F2-4D12-A27A-A123B71C94FC}
	EndGlobalSection
EndGlobal
